
Microsoft Visual Studio Solution File, Format Version 12.00
# Visual Studio Version 17
VisualStudioVersion = 17.11.35219.272
MinimumVisualStudioVersion = 10.0.40219.1
Project("{9A19103F-16F7-4668-BE54-9A1E7A4F7556}") = "ConsoleObserver", "ConsoleObserver\ConsoleObserver.csproj", "{432068F6-EA08-476F-B6CB-6CBECE513B57}"
EndProject
Project("{9A19103F-16F7-4668-BE54-9A1E7A4F7556}") = "ClassLibraryObs", "ClassLibraryObs\ClassLibraryObs.csproj", "{9EEA8A97-61C5-4BBE-A7B1-F0F6A02A83D5}"
EndProject
Project("{FAE04EC0-301F-11D3-BF4B-00C04F79EFBC}") = "WinFormsObserver", "WinFormsObserver\WinFormsObserver.csproj", "{98A1EB29-1236-4290-A430-D4823491C4F7}"
EndProject
Global
	GlobalSection(SolutionConfigurationPlatforms) = preSolution
		Debug|Any CPU = Debug|Any CPU
		Release|Any CPU = Release|Any CPU
	EndGlobalSection
	GlobalSection(ProjectConfigurationPlatforms) = postSolution
		{432068F6-EA08-476F-B6CB-6CBECE513B57}.Debug|Any CPU.ActiveCfg = Debug|Any CPU
		{432068F6-EA08-476F-B6CB-6CBECE513B57}.Debug|Any CPU.Build.0 = Debug|Any CPU
		{432068F6-EA08-476F-B6CB-6CBECE513B57}.Release|Any CPU.ActiveCfg = Release|Any CPU
		{432068F6-EA08-476F-B6CB-6CBECE513B57}.Release|Any CPU.Build.0 = Release|Any CPU
		{9EEA8A97-61C5-4BBE-A7B1-F0F6A02A83D5}.Debug|Any CPU.ActiveCfg = Debug|Any CPU
		{9EEA8A97-61C5-4BBE-A7B1-F0F6A02A83D5}.Debug|Any CPU.Build.0 = Debug|Any CPU
		{9EEA8A97-61C5-4BBE-A7B1-F0F6A02A83D5}.Release|Any CPU.ActiveCfg = Release|Any CPU
		{9EEA8A97-61C5-4BBE-A7B1-F0F6A02A83D5}.Release|Any CPU.Build.0 = Release|Any CPU
		{98A1EB29-1236-4290-A430-D4823491C4F7}.Debug|Any CPU.ActiveCfg = Debug|Any CPU
		{98A1EB29-1236-4290-A430-D4823491C4F7}.Debug|Any CPU.Build.0 = Debug|Any CPU
		{98A1EB29-1236-4290-A430-D4823491C4F7}.Release|Any CPU.ActiveCfg = Release|Any CPU
		{98A1EB29-1236-4290-A430-D4823491C4F7}.Release|Any CPU.Build.0 = Release|Any CPU
	EndGlobalSection
	GlobalSection(SolutionProperties) = preSolution
		HideSolutionNode = FALSE
	EndGlobalSection
	GlobalSection(ExtensibilityGlobals) = postSolution
		SolutionGuid = {5BEEF7A8-A135-41C2-B32C-CBD11ABBE858}
	EndGlobalSection
EndGlobal
